
Microsoft Visual Studio Solution File, Format Version 12.00
# Visual Studio 15
VisualStudioVersion = 15.0.26228.9
MinimumVisualStudioVersion = 10.0.40219.1
Project("{FAE04EC0-301F-11D3-BF4B-00C04F79EFBC}") = "GoogleApi", "src\GoogleApi\GoogleApi.csproj", "{2898E7DD-345B-4AA5-89F5-BF4F0130D416}"
EndProject
Project("{FAE04EC0-301F-11D3-BF4B-00C04F79EFBC}") = "GoogleApi.Tests", "test\GoogleApi.Tests\GoogleApi.Tests.csproj", "{393C8A3B-AABC-41A6-9BCD-9FA6C60E3A5C}"
EndProject
Project("{2150E333-8FDC-42A3-9474-1A3956D46DE8}") = "Solution Items", "Solution Items", "{6A200260-F3C2-4158-A8C1-576515B3D3AF}"
	ProjectSection(SolutionItems) = preProject
		README.md = README.md
	EndProjectSection
EndProject
Global
	GlobalSection(SolutionConfigurationPlatforms) = preSolution
		Debug|Any CPU = Debug|Any CPU
		Release|Any CPU = Release|Any CPU
	EndGlobalSection
	GlobalSection(ProjectConfigurationPlatforms) = postSolution
		{2898E7DD-345B-4AA5-89F5-BF4F0130D416}.Debug|Any CPU.ActiveCfg = Debug|Any CPU
		{2898E7DD-345B-4AA5-89F5-BF4F0130D416}.Debug|Any CPU.Build.0 = Debug|Any CPU
		{2898E7DD-345B-4AA5-89F5-BF4F0130D416}.Release|Any CPU.ActiveCfg = Release|Any CPU
		{2898E7DD-345B-4AA5-89F5-BF4F0130D416}.Release|Any CPU.Build.0 = Release|Any CPU
		{393C8A3B-AABC-41A6-9BCD-9FA6C60E3A5C}.Debug|Any CPU.ActiveCfg = Debug|Any CPU
		{393C8A3B-AABC-41A6-9BCD-9FA6C60E3A5C}.Debug|Any CPU.Build.0 = Debug|Any CPU
		{393C8A3B-AABC-41A6-9BCD-9FA6C60E3A5C}.Release|Any CPU.ActiveCfg = Release|Any CPU
		{393C8A3B-AABC-41A6-9BCD-9FA6C60E3A5C}.Release|Any CPU.Build.0 = Release|Any CPU
	EndGlobalSection
	GlobalSection(SolutionProperties) = preSolution
		HideSolutionNode = FALSE
	EndGlobalSection
EndGlobal
